
Microsoft Visual Studio Solution File, Format Version 12.00
# Visual Studio Version 17
VisualStudioVersion = 17.9.34728.123
MinimumVisualStudioVersion = 10.0.40219.1
Project("{FAE04EC0-301F-11D3-BF4B-00C04F79EFBC}") = "WebAPI", "WebAPI\WebAPI.csproj", "{29697EE9-7A34-4981-91FE-3F4B8A20E6A0}"
EndProject
Project("{FAE04EC0-301F-11D3-BF4B-00C04F79EFBC}") = "Business", "Business\Business.csproj", "{1F2AC712-8F51-4169-96DF-5391F47A8D8C}"
EndProject
Project("{FAE04EC0-301F-11D3-BF4B-00C04F79EFBC}") = "DataAccess", "DataAccess\DataAccess.csproj", "{DEF4DFB7-E632-4320-9121-DABB5191B888}"
EndProject
Project("{FAE04EC0-301F-11D3-BF4B-00C04F79EFBC}") = "Entities", "Entities\Entities.csproj", "{C4A6C506-C0D6-4D44-8463-056DBAD97443}"
EndProject
Project("{FAE04EC0-301F-11D3-BF4B-00C04F79EFBC}") = "Core", "Core\Core.csproj", "{B6B4C6CC-1970-4136-80B8-5CB5A189373A}"
EndProject
Global
	GlobalSection(SolutionConfigurationPlatforms) = preSolution
		Debug|Any CPU = Debug|Any CPU
		Release|Any CPU = Release|Any CPU
	EndGlobalSection
	GlobalSection(ProjectConfigurationPlatforms) = postSolution
		{29697EE9-7A34-4981-91FE-3F4B8A20E6A0}.Debug|Any CPU.ActiveCfg = Debug|Any CPU
		{29697EE9-7A34-4981-91FE-3F4B8A20E6A0}.Debug|Any CPU.Build.0 = Debug|Any CPU
		{29697EE9-7A34-4981-91FE-3F4B8A20E6A0}.Release|Any CPU.ActiveCfg = Release|Any CPU
		{29697EE9-7A34-4981-91FE-3F4B8A20E6A0}.Release|Any CPU.Build.0 = Release|Any CPU
		{1F2AC712-8F51-4169-96DF-5391F47A8D8C}.Debug|Any CPU.ActiveCfg = Debug|Any CPU
		{1F2AC712-8F51-4169-96DF-5391F47A8D8C}.Debug|Any CPU.Build.0 = Debug|Any CPU
		{1F2AC712-8F51-4169-96DF-5391F47A8D8C}.Release|Any CPU.ActiveCfg = Release|Any CPU
		{1F2AC712-8F51-4169-96DF-5391F47A8D8C}.Release|Any CPU.Build.0 = Release|Any CPU
		{DEF4DFB7-E632-4320-9121-DABB5191B888}.Debug|Any CPU.ActiveCfg = Debug|Any CPU
		{DEF4DFB7-E632-4320-9121-DABB5191B888}.Debug|Any CPU.Build.0 = Debug|Any CPU
		{DEF4DFB7-E632-4320-9121-DABB5191B888}.Release|Any CPU.ActiveCfg = Release|Any CPU
		{DEF4DFB7-E632-4320-9121-DABB5191B888}.Release|Any CPU.Build.0 = Release|Any CPU
		{C4A6C506-C0D6-4D44-8463-056DBAD97443}.Debug|Any CPU.ActiveCfg = Debug|Any CPU
		{C4A6C506-C0D6-4D44-8463-056DBAD97443}.Debug|Any CPU.Build.0 = Debug|Any CPU
		{C4A6C506-C0D6-4D44-8463-056DBAD97443}.Release|Any CPU.ActiveCfg = Release|Any CPU
		{C4A6C506-C0D6-4D44-8463-056DBAD97443}.Release|Any CPU.Build.0 = Release|Any CPU
		{B6B4C6CC-1970-4136-80B8-5CB5A189373A}.Debug|Any CPU.ActiveCfg = Debug|Any CPU
		{B6B4C6CC-1970-4136-80B8-5CB5A189373A}.Debug|Any CPU.Build.0 = Debug|Any CPU
		{B6B4C6CC-1970-4136-80B8-5CB5A189373A}.Release|Any CPU.ActiveCfg = Release|Any CPU
		{B6B4C6CC-1970-4136-80B8-5CB5A189373A}.Release|Any CPU.Build.0 = Release|Any CPU
	EndGlobalSection
	GlobalSection(SolutionProperties) = preSolution
		HideSolutionNode = FALSE
	EndGlobalSection
	GlobalSection(ExtensibilityGlobals) = postSolution
		SolutionGuid = {788E4EA2-64A0-4CCA-B3BD-B6D4A1B46105}
	EndGlobalSection
EndGlobal
